
Microsoft Visual Studio Solution File, Format Version 12.00
# Visual Studio Version 17
VisualStudioVersion = 17.4.33122.133
MinimumVisualStudioVersion = 10.0.40219.1
Project("{FAE04EC0-301F-11D3-BF4B-00C04F79EFBC}") = "FrontToBack", "FrontToBack\FrontToBack.csproj", "{F09BDCB9-C86E-4BCA-9E3F-D55C08248440}"
EndProject
Global
	GlobalSection(SolutionConfigurationPlatforms) = preSolution
		Debug|Any CPU = Debug|Any CPU
		Release|Any CPU = Release|Any CPU
	EndGlobalSection
	GlobalSection(ProjectConfigurationPlatforms) = postSolution
		{F09BDCB9-C86E-4BCA-9E3F-D55C08248440}.Debug|Any CPU.ActiveCfg = Debug|Any CPU
		{F09BDCB9-C86E-4BCA-9E3F-D55C08248440}.Debug|Any CPU.Build.0 = Debug|Any CPU
		{F09BDCB9-C86E-4BCA-9E3F-D55C08248440}.Release|Any CPU.ActiveCfg = Release|Any CPU
		{F09BDCB9-C86E-4BCA-9E3F-D55C08248440}.Release|Any CPU.Build.0 = Release|Any CPU
	EndGlobalSection
	GlobalSection(SolutionProperties) = preSolution
		HideSolutionNode = FALSE
	EndGlobalSection
	GlobalSection(ExtensibilityGlobals) = postSolution
		SolutionGuid = {D8330CFD-219C-4352-B5C0-0633B9522F70}
	EndGlobalSection
EndGlobal
